
Microsoft Visual Studio Solution File, Format Version 12.00
# Visual Studio Version 16
VisualStudioVersion = 16.0.29424.173
MinimumVisualStudioVersion = 10.0.40219.1
Project("{FAE04EC0-301F-11D3-BF4B-00C04F79EFBC}") = "HeroesApi", "HeroesApi\HeroesApi.csproj", "{32117372-A05D-416B-913D-0AEE397D155E}"
EndProject
Global
	GlobalSection(SolutionConfigurationPlatforms) = preSolution
		Debug|Any CPU = Debug|Any CPU
		Release|Any CPU = Release|Any CPU
	EndGlobalSection
	GlobalSection(ProjectConfigurationPlatforms) = postSolution
		{32117372-A05D-416B-913D-0AEE397D155E}.Debug|Any CPU.ActiveCfg = Debug|Any CPU
		{32117372-A05D-416B-913D-0AEE397D155E}.Debug|Any CPU.Build.0 = Debug|Any CPU
		{32117372-A05D-416B-913D-0AEE397D155E}.Release|Any CPU.ActiveCfg = Release|Any CPU
		{32117372-A05D-416B-913D-0AEE397D155E}.Release|Any CPU.Build.0 = Release|Any CPU
	EndGlobalSection
	GlobalSection(SolutionProperties) = preSolution
		HideSolutionNode = FALSE
	EndGlobalSection
	GlobalSection(ExtensibilityGlobals) = postSolution
		SolutionGuid = {3EE0D433-3BAC-4EBD-AFA2-4921457BBD65}
	EndGlobalSection
EndGlobal
